
Microsoft Visual Studio Solution File, Format Version 12.00
# Visual Studio Version 17
VisualStudioVersion = 17.5.33516.290
MinimumVisualStudioVersion = 10.0.40219.1
Project("{FAE04EC0-301F-11D3-BF4B-00C04F79EFBC}") = "DemoFinal01", "DemoFinal01\DemoFinal01.csproj", "{CD8796D4-7F44-49B0-887D-FFA9A7F7583D}"
EndProject
Global
	GlobalSection(SolutionConfigurationPlatforms) = preSolution
		Debug|Any CPU = Debug|Any CPU
		Release|Any CPU = Release|Any CPU
	EndGlobalSection
	GlobalSection(ProjectConfigurationPlatforms) = postSolution
		{CD8796D4-7F44-49B0-887D-FFA9A7F7583D}.Debug|Any CPU.ActiveCfg = Debug|Any CPU
		{CD8796D4-7F44-49B0-887D-FFA9A7F7583D}.Debug|Any CPU.Build.0 = Debug|Any CPU
		{CD8796D4-7F44-49B0-887D-FFA9A7F7583D}.Release|Any CPU.ActiveCfg = Release|Any CPU
		{CD8796D4-7F44-49B0-887D-FFA9A7F7583D}.Release|Any CPU.Build.0 = Release|Any CPU
	EndGlobalSection
	GlobalSection(SolutionProperties) = preSolution
		HideSolutionNode = FALSE
	EndGlobalSection
	GlobalSection(ExtensibilityGlobals) = postSolution
		SolutionGuid = {738291B0-6CEA-46CA-8C00-231891F3EADC}
	EndGlobalSection
EndGlobal
